
Microsoft Visual Studio Solution File, Format Version 12.00
# Visual Studio 15
VisualStudioVersion = 15.0.28307.960
MinimumVisualStudioVersion = 10.0.40219.1
Project("{FAE04EC0-301F-11D3-BF4B-00C04F79EFBC}") = "SalesWebMvc", "SalesWebMvc\SalesWebMvc.csproj", "{1FF599A5-495A-4D80-94BA-5331E8B9B26F}"
EndProject
Global
	GlobalSection(SolutionConfigurationPlatforms) = preSolution
		Debug|Any CPU = Debug|Any CPU
		Release|Any CPU = Release|Any CPU
	EndGlobalSection
	GlobalSection(ProjectConfigurationPlatforms) = postSolution
		{1FF599A5-495A-4D80-94BA-5331E8B9B26F}.Debug|Any CPU.ActiveCfg = Debug|Any CPU
		{1FF599A5-495A-4D80-94BA-5331E8B9B26F}.Debug|Any CPU.Build.0 = Debug|Any CPU
		{1FF599A5-495A-4D80-94BA-5331E8B9B26F}.Release|Any CPU.ActiveCfg = Release|Any CPU
		{1FF599A5-495A-4D80-94BA-5331E8B9B26F}.Release|Any CPU.Build.0 = Release|Any CPU
	EndGlobalSection
	GlobalSection(SolutionProperties) = preSolution
		HideSolutionNode = FALSE
	EndGlobalSection
	GlobalSection(ExtensibilityGlobals) = postSolution
		SolutionGuid = {4A04E63D-DB7C-4B5E-80D0-4B31CD9495D9}
	EndGlobalSection
EndGlobal
